Microsoft Visual Studio Solution File, Format Version 10.00
# Visual Studio 2008
Project("{FAE04EC0-301F-11D3-BF4B-00C04F79EFBC}") = "MotionDBWebServices", "MotionDBWebServices\MotionDBWebServices.csproj", "{073393CD-60FC-4E55-B0B0-9656652F7D79}"
EndProject
Project("{FAE04EC0-301F-11D3-BF4B-00C04F79EFBC}") = "MotionMedDBServices", "MotionMedDBServices\MotionMedDBServices.csproj", "{975D3D10-EC5A-4EA7-9909-52ADFFB9ED91}"
EndProject
Project("{FAE04EC0-301F-11D3-BF4B-00C04F79EFBC}") = "MotionDBCommons", "MotionDBCommons\MotionDBCommons.csproj", "{73DCDC9E-D462-4CAD-A43C-291E31843959}"
EndProject
Global
	GlobalSection(SubversionScc) = preSolution
		Svn-Managed = True
		Manager = AnkhSVN - Subversion Support for Visual Studio
	EndGlobalSection
	GlobalSection(SolutionConfigurationPlatforms) = preSolution
		Debug|Any CPU = Debug|Any CPU
		Release|Any CPU = Release|Any CPU
	EndGlobalSection
	GlobalSection(ProjectConfigurationPlatforms) = postSolution
		{073393CD-60FC-4E55-B0B0-9656652F7D79}.Debug|Any CPU.ActiveCfg = Debug|Any CPU
		{073393CD-60FC-4E55-B0B0-9656652F7D79}.Debug|Any CPU.Build.0 = Debug|Any CPU
		{073393CD-60FC-4E55-B0B0-9656652F7D79}.Release|Any CPU.ActiveCfg = Release|Any CPU
		{073393CD-60FC-4E55-B0B0-9656652F7D79}.Release|Any CPU.Build.0 = Release|Any CPU
		{975D3D10-EC5A-4EA7-9909-52ADFFB9ED91}.Debug|Any CPU.ActiveCfg = Debug|Any CPU
		{975D3D10-EC5A-4EA7-9909-52ADFFB9ED91}.Debug|Any CPU.Build.0 = Debug|Any CPU
		{975D3D10-EC5A-4EA7-9909-52ADFFB9ED91}.Release|Any CPU.ActiveCfg = Release|Any CPU
		{975D3D10-EC5A-4EA7-9909-52ADFFB9ED91}.Release|Any CPU.Build.0 = Release|Any CPU
		{73DCDC9E-D462-4CAD-A43C-291E31843959}.Debug|Any CPU.ActiveCfg = Debug|Any CPU
		{73DCDC9E-D462-4CAD-A43C-291E31843959}.Debug|Any CPU.Build.0 = Debug|Any CPU
		{73DCDC9E-D462-4CAD-A43C-291E31843959}.Release|Any CPU.ActiveCfg = Release|Any CPU
		{73DCDC9E-D462-4CAD-A43C-291E31843959}.Release|Any CPU.Build.0 = Release|Any CPU
	EndGlobalSection
	GlobalSection(SolutionProperties) = preSolution
		HideSolutionNode = FALSE
	EndGlobalSection
EndGlobal
